// !$*UTF8*$!
{
	archiveVersion = 1;
	classes = {
	};
	objectVersion = 46;
	objects = {

/* Begin PBXBuildFile section */
		AA1DFBE81CEB1B490070A778 /* AppDelegate.swift in Sources */ = {isa = PBXBuildFile; fileRef = AA1DFBE71CEB1B490070A778 /* AppDelegate.swift */; };
		AA1DFBEA1CEB1B490070A778 /* ViewController.swift in Sources */ = {isa = PBXBuildFile; fileRef = AA1DFBE91CEB1B490070A778 /* ViewController.swift */; };
		AA1DFBED1CEB1B490070A778 /* Main.storyboard in Resources */ = {isa = PBXBuildFile; fileRef = AA1DFBEB1CEB1B490070A778 /* Main.storyboard */; };
		AA1DFBF01CEB1B490070A778 /* CIndicator.xcdatamodeld in Sources */ = {isa = PBXBuildFile; fileRef = AA1DFBEE1CEB1B490070A778 /* CIndicator.xcdatamodeld */; };
		AA1DFBF21CEB1B490070A778 /* Assets.xcassets in Resources */ = {isa = PBXBuildFile; fileRef = AA1DFBF11CEB1B490070A778 /* Assets.xcassets */; };
		AA1DFBF51CEB1B490070A778 /* LaunchScreen.storyboard in Resources */ = {isa = PBXBuildFile; fileRef = AA1DFBF31CEB1B490070A778 /* LaunchScreen.storyboard */; };
		AA1DFC001CEB1B490070A778 /* CIndicatorTests.swift in Sources */ = {isa = PBXBuildFile; fileRef = AA1DFBFF1CEB1B490070A778 /* CIndicatorTests.swift */; };
		AA1DFC0B1CEB1B490070A778 /* CIndicatorUITests.swift in Sources */ = {isa = PBXBuildFile; fileRef = AA1DFC0A1CEB1B490070A778 /* CIndicatorUITests.swift */; };
		AA1DFC191CEB80DB0070A778 /* CIndicatorView.swift in Sources */ = {isa = PBXBuildFile; fileRef = AA1DFC181CEB80DB0070A778 /* CIndicatorView.swift */; };
		AA1DFC1B1CEC39B60070A778 /* CRingView.swift in Sources */ = {isa = PBXBuildFile; fileRef = AA1DFC1A1CEC39B60070A778 /* CRingView.swift */; };
/* End PBXBuildFile section */

/* Begin PBXContainerItemProxy section */
		AA1DFBFC1CEB1B490070A778 /* PBXContainerItemProxy */ = {
			isa = PBXContainerItemProxy;
			containerPortal = AA1DFBDC1CEB1B460070A778 /* Project object */;
			proxyType = 1;
			remoteGlobalIDString = AA1DFBE31CEB1B470070A778;
			remoteInfo = CIndicator;
		};
		AA1DFC071CEB1B490070A778 /* PBXContainerItemProxy */ = {
			isa = PBXContainerItemProxy;
			containerPortal = AA1DFBDC1CEB1B460070A778 /* Project object */;
			proxyType = 1;
			remoteGlobalIDString = AA1DFBE31CEB1B470070A778;
			remoteInfo = CIndicator;
		};
/* End PBXContainerItemProxy section */

/* Begin PBXFileReference section */
		AA1DFBE41CEB1B470070A778 /* CIndicator.app */ = {isa = PBXFileReference; explicitFileType = wrapper.application; includeInIndex = 0; path = CIndicator.app; sourceTree = BUILT_PRODUCTS_DIR; };
		AA1DFBE71CEB1B490070A778 /* AppDelegate.swift */ = {isa = PBXFileReference; lastKnownFileType = sourcecode.swift; path = AppDelegate.swift; sourceTree = "<group>"; };
		AA1DFBE91CEB1B490070A778 /* ViewController.swift */ = {isa = PBXFileReference; lastKnownFileType = sourcecode.swift; path = ViewController.swift; sourceTree = "<group>"; };
		AA1DFBEC1CEB1B490070A778 /* Base */ = {isa = PBXFileReference; lastKnownFileType = file.storyboard; name = Base; path = Base.lproj/Main.storyboard; sourceTree = "<group>"; };
		AA1DFBEF1CEB1B490070A778 /* CIndicator.xcdatamodel */ = {isa = PBXFileReference; lastKnownFileType = wrapper.xcdatamodel; path = CIndicator.xcdatamodel; sourceTree = "<group>"; };
		AA1DFBF11CEB1B490070A778 /* Assets.xcassets */ = {isa = PBXFileReference; lastKnownFileType = folder.assetcatalog; path = Assets.xcassets; sourceTree = "<group>"; };
		AA1DFBF41CEB1B490070A778 /* Base */ = {isa = PBXFileReference; lastKnownFileType = file.storyboard; name = Base; path = Base.lproj/LaunchScreen.storyboard; sourceTree = "<group>"; };
		AA1DFBF61CEB1B490070A778 /* Info.plist */ = {isa = PBXFileReference; lastKnownFileType = text.plist.xml; path = Info.plist; sourceTree = "<group>"; };
		AA1DFBFB1CEB1B490070A778 /* CIndicatorTests.xctest */ = {isa = PBXFileReference; explicitFileType = wrapper.cfbundle; includeInIndex = 0; path = CIndicatorTests.xctest; sourceTree = BUILT_PRODUCTS_DIR; };
		AA1DFBFF1CEB1B490070A778 /* CIndicatorTests.swift */ = {isa = PBXFileReference; lastKnownFileType = sourcecode.swift; path = CIndicatorTests.swift; sourceTree = "<group>"; };
		AA1DFC011CEB1B490070A778 /* Info.plist */ = {isa = PBXFileReference; lastKnownFileType = text.plist.xml; path = Info.plist; sourceTree = "<group>"; };
		AA1DFC061CEB1B490070A778 /* CIndicatorUITests.xctest */ = {isa = PBXFileReference; explicitFileType = wrapper.cfbundle; includeInIndex = 0; path = CIndicatorUITests.xctest; sourceTree = BUILT_PRODUCTS_DIR; };
		AA1DFC0A1CEB1B490070A778 /* CIndicatorUITests.swift */ = {isa = PBXFileReference; lastKnownFileType = sourcecode.swift; path = CIndicatorUITests.swift; sourceTree = "<group>"; };
		AA1DFC0C1CEB1B490070A778 /* Info.plist */ = {isa = PBXFileReference; lastKnownFileType = text.plist.xml; path = Info.plist; sourceTree = "<group>"; };
		AA1DFC181CEB80DB0070A778 /* CIndicatorView.swift */ = {isa = PBXFileReference; fileEncoding = 4; lastKnownFileType = sourcecode.swift; name = CIndicatorView.swift; path = CIView/CIndicatorView.swift; sourceTree = "<group>"; };
		AA1DFC1A1CEC39B60070A778 /* CRingView.swift */ = {isa = PBXFileReference; fileEncoding = 4; lastKnownFileType = sourcecode.swift; name = CRingView.swift; path = CIView/CRingView.swift; sourceTree = "<group>"; };
/* End PBXFileReference section */

/* Begin PBXFrameworksBuildPhase section */
		AA1DFBE11CEB1B470070A778 /* Frameworks */ = {
			isa = PBXFrameworksBuildPhase;
			buildActionMask = 2147483647;
			files = (
			);
			runOnlyForDeploymentPostprocessing = 0;
		};
		AA1DFBF81CEB1B490070A778 /* Frameworks */ = {
			isa = PBXFrameworksBuildPhase;
			buildActionMask = 2147483647;
			files = (
			);
			runOnlyForDeploymentPostprocessing = 0;
		};
		AA1DFC031CEB1B490070A778 /* Frameworks */ = {
			isa = PBXFrameworksBuildPhase;
			buildActionMask = 2147483647;
			files = (
			);
			runOnlyForDeploymentPostprocessing = 0;
		};
/* End PBXFrameworksBuildPhase section */

/* Begin PBXGroup section */
		AA1DFBDB1CEB1B460070A778 = {
			isa = PBXGroup;
			children = (
				AA1DFBE61CEB1B480070A778 /* CIndicator */,
				AA1DFBFE1CEB1B490070A778 /* CIndicatorTests */,
				AA1DFC091CEB1B490070A778 /* CIndicatorUITests */,
				AA1DFBE51CEB1B470070A778 /* Products */,
			);
			sourceTree = "<group>";
		};
		AA1DFBE51CEB1B470070A778 /* Products */ = {
			isa = PBXGroup;
			children = (
				AA1DFBE41CEB1B470070A778 /* CIndicator.app */,
				AA1DFBFB1CEB1B490070A778 /* CIndicatorTests.xctest */,
				AA1DFC061CEB1B490070A778 /* CIndicatorUITests.xctest */,
			);
			name = Products;
			sourceTree = "<group>";
		};
		AA1DFBE61CEB1B480070A778 /* CIndicator */ = {
			isa = PBXGroup;
			children = (
				AA1DFBE71CEB1B490070A778 /* AppDelegate.swift */,
				AA1DFBE91CEB1B490070A778 /* ViewController.swift */,
				AA1DFBEB1CEB1B490070A778 /* Main.storyboard */,
				AA1DFBF11CEB1B490070A778 /* Assets.xcassets */,
				AA1DFBF31CEB1B490070A778 /* LaunchScreen.storyboard */,
				AA1DFBF61CEB1B490070A778 /* Info.plist */,
				AA1DFBEE1CEB1B490070A778 /* CIndicator.xcdatamodeld */,
				AA1DFC181CEB80DB0070A778 /* CIndicatorView.swift */,
				AA1DFC1A1CEC39B60070A778 /* CRingView.swift */,
			);
			path = CIndicator;
			sourceTree = "<group>";
		};
		AA1DFBFE1CEB1B490070A778 /* CIndicatorTests */ = {
			isa = PBXGroup;
			children = (
				AA1DFBFF1CEB1B490070A778 /* CIndicatorTests.swift */,
				AA1DFC011CEB1B490070A778 /* Info.plist */,
			);
			path = CIndicatorTests;
			sourceTree = "<group>";
		};
		AA1DFC091CEB1B490070A778 /* CIndicatorUITests */ = {
			isa = PBXGroup;
			children = (
				AA1DFC0A1CEB1B490070A778 /* CIndicatorUITests.swift */,
				AA1DFC0C1CEB1B490070A778 /* Info.plist */,
			);
			path = CIndicatorUITests;
			sourceTree = "<group>";
		};
/* End PBXGroup section */

/* Begin PBXNativeTarget section */
		AA1DFBE31CEB1B470070A778 /* CIndicator */ = {
			isa = PBXNativeTarget;
			buildConfigurationList = AA1DFC0F1CEB1B490070A778 /* Build configuration list for PBXNativeTarget "CIndicator" */;
			buildPhases = (
				AA1DFBE01CEB1B470070A778 /* Sources */,
				AA1DFBE11CEB1B470070A778 /* Frameworks */,
				AA1DFBE21CEB1B470070A778 /* Resources */,
			);
			buildRules = (
			);
			dependencies = (
			);
			name = CIndicator;
			productName = CIndicator;
			productReference = AA1DFBE41CEB1B470070A778 /* CIndicator.app */;
			productType = "com.apple.product-type.application";
		};
		AA1DFBFA1CEB1B490070A778 /* CIndicatorTests */ = {
			isa = PBXNativeTarget;
			buildConfigurationList = AA1DFC121CEB1B490070A778 /* Build configuration list for PBXNativeTarget "CIndicatorTests" */;
			buildPhases = (
				AA1DFBF71CEB1B490070A778 /* Sources */,
				AA1DFBF81CEB1B490070A778 /* Frameworks */,
				AA1DFBF91CEB1B490070A778 /* Resources */,
			);
			buildRules = (
			);
			dependencies = (
				AA1DFBFD1CEB1B490070A778 /* PBXTargetDependency */,
			);
			name = CIndicatorTests;
			productName = CIndicatorTests;
			productReference = AA1DFBFB1CEB1B490070A778 /* CIndicatorTests.xctest */;
			productType = "com.apple.product-type.bundle.unit-test";
		};
		AA1DFC051CEB1B490070A778 /* CIndicatorUITests */ = {
			isa = PBXNativeTarget;
			buildConfigurationList = AA1DFC151CEB1B490070A778 /* Build configuration list for PBXNativeTarget "CIndicatorUITests" */;
			buildPhases = (
				AA1DFC021CEB1B490070A778 /* Sources */,
				AA1DFC031CEB1B490070A778 /* Frameworks */,
				AA1DFC041CEB1B490070A778 /* Resources */,
			);
			buildRules = (
			);
			dependencies = (
				AA1DFC081CEB1B490070A778 /* PBXTargetDependency */,
			);
			name = CIndicatorUITests;
			productName = CIndicatorUITests;
			productReference = AA1DFC061CEB1B490070A778 /* CIndicatorUITests.xctest */;
			productType = "com.apple.product-type.bundle.ui-testing";
		};
/* End PBXNativeTarget section */

/* Begin PBXProject section */
		AA1DFBDC1CEB1B460070A778 /* Project object */ = {
			isa = PBXProject;
			attributes = {
				LastSwiftUpdateCheck = 0730;
				LastUpgradeCheck = 0730;
				ORGANIZATIONNAME = AUK;
				TargetAttributes = {
					AA1DFBE31CEB1B470070A778 = {
						CreatedOnToolsVersion = 7.3;
					};
					AA1DFBFA1CEB1B490070A778 = {
						CreatedOnToolsVersion = 7.3;
						TestTargetID = AA1DFBE31CEB1B470070A778;
					};
					AA1DFC051CEB1B490070A778 = {
						CreatedOnToolsVersion = 7.3;
						TestTargetID = AA1DFBE31CEB1B470070A778;
					};
				};
			};
			buildConfigurationList = AA1DFBDF1CEB1B460070A778 /* Build configuration list for PBXProject "CIndicator" */;
			compatibilityVersion = "Xcode 3.2";
			developmentRegion = English;
			hasScannedForEncodings = 0;
			knownRegions = (
				en,
				Base,
			);
			mainGroup = AA1DFBDB1CEB1B460070A778;
			productRefGroup = AA1DFBE51CEB1B470070A778 /* Products */;
			projectDirPath = "";
			projectRoot = "";
			targets = (
				AA1DFBE31CEB1B470070A778 /* CIndicator */,
				AA1DFBFA1CEB1B490070A778 /* CIndicatorTests */,
				AA1DFC051CEB1B490070A778 /* CIndicatorUITests */,
			);
		};
/* End PBXProject section */

/* Begin PBXResourcesBuildPhase section */
		AA1DFBE21CEB1B470070A778 /* Resources */ = {
			isa = PBXResourcesBuildPhase;
			buildActionMask = 2147483647;
			files = (
				AA1DFBF51CEB1B490070A778 /* LaunchScreen.storyboard in Resources */,
				AA1DFBF21CEB1B490070A778 /* Assets.xcassets in Resources */,
				AA1DFBED1CEB1B490070A778 /* Main.storyboard in Resources */,
			);
			runOnlyForDeploymentPostprocessing = 0;
		};
		AA1DFBF91CEB1B490070A778 /* Resources */ = {
			isa = PBXResourcesBuildPhase;
			buildActionMask = 2147483647;
			files = (
			);
			runOnlyForDeploymentPostprocessing = 0;
		};
		AA1DFC041CEB1B490070A778 /* Resources */ = {
			isa = PBXResourcesBuildPhase;
			buildActionMask = 2147483647;
			files = (
			);
			runOnlyForDeploymentPostprocessing = 0;
		};
/* End PBXResourcesBuildPhase section */

/* Begin PBXSourcesBuildPhase section */
		AA1DFBE01CEB1B470070A778 /* Sources */ = {
			isa = PBXSourcesBuildPhase;
			buildActionMask = 2147483647;
			files = (
				AA1DFC1B1CEC39B60070A778 /* CRingView.swift in Sources */,
				AA1DFBEA1CEB1B490070A778 /* ViewController.swift in Sources */,
				AA1DFBF01CEB1B490070A778 /* CIndicator.xcdatamodeld in Sources */,
				AA1DFC191CEB80DB0070A778 /* CIndicatorView.swift in Sources */,
				AA1DFBE81CEB1B490070A778 /* AppDelegate.swift in Sources */,
			);
			runOnlyForDeploymentPostprocessing = 0;
		};
		AA1DFBF71CEB1B490070A778 /* Sources */ = {
			isa = PBXSourcesBuildPhase;
			buildActionMask = 2147483647;
			files = (
				AA1DFC001CEB1B490070A778 /* CIndicatorTests.swift in Sources */,
			);
			runOnlyForDeploymentPostprocessing = 0;
		};
		AA1DFC021CEB1B490070A778 /* Sources */ = {
			isa = PBXSourcesBuildPhase;
			buildActionMask = 2147483647;
			files = (
				AA1DFC0B1CEB1B490070A778 /* CIndicatorUITests.swift in Sources */,
			);
			runOnlyForDeploymentPostprocessing = 0;
		};
/* End PBXSourcesBuildPhase section */

/* Begin PBXTargetDependency section */
		AA1DFBFD1CEB1B490070A778 /* PBXTargetDependency */ = {
			isa = PBXTargetDependency;
			target = AA1DFBE31CEB1B470070A778 /* CIndicator */;
			targetProxy = AA1DFBFC1CEB1B490070A778 /* PBXContainerItemProxy */;
		};
		AA1DFC081CEB1B490070A778 /* PBXTargetDependency */ = {
			isa = PBXTargetDependency;
			target = AA1DFBE31CEB1B470070A778 /* CIndicator */;
			targetProxy = AA1DFC071CEB1B490070A778 /* PBXContainerItemProxy */;
		};
/* End PBXTargetDependency section */

/* Begin PBXVariantGroup section */
		AA1DFBEB1CEB1B490070A778 /* Main.storyboard */ = {
			isa = PBXVariantGroup;
			children = (
				AA1DFBEC1CEB1B490070A778 /* Base */,
			);
			name = Main.storyboard;
			sourceTree = "<group>";
		};
		AA1DFBF31CEB1B490070A778 /* LaunchScreen.storyboard */ = {
			isa = PBXVariantGroup;
			children = (
				AA1DFBF41CEB1B490070A778 /* Base */,
			);
			name = LaunchScreen.storyboard;
			sourceTree = "<group>";
		};
/* End PBXVariantGroup section */

/* Begin XCBuildConfiguration section */
		AA1DFC0D1CEB1B490070A778 /* Debug */ = {
			isa = XCBuildConfiguration;
			buildSettings = {
				ALWAYS_SEARCH_USER_PATHS = NO;
				CLANG_ANALYZER_NONNULL = YES;
				CLANG_CXX_LANGUAGE_STANDARD = "gnu++0x";
				CLANG_CXX_LIBRARY = "libc++";
				CLANG_ENABLE_MODULES = YES;
				CLANG_ENABLE_OBJC_ARC = YES;
				CLANG_WARN_BOOL_CONVERSION = YES;
				CLANG_WARN_CONSTANT_CONVERSION = YES;
				CLANG_WARN_DIRECT_OBJC_ISA_USAGE = YES_ERROR;
				CLANG_WARN_EMPTY_BODY = YES;
				CLANG_WARN_ENUM_CONVERSION = YES;
				CLANG_WARN_INT_CONVERSION = YES;
				CLANG_WARN_OBJC_ROOT_CLASS = YES_ERROR;
				CLANG_WARN_UNREACHABLE_CODE = YES;
				CLANG_WARN__DUPLICATE_METHOD_MATCH = YES;
				"CODE_SIGN_IDENTITY[sdk=iphoneos*]" = "iPhone Developer";
				COPY_PHASE_STRIP = NO;
				DEBUG_INFORMATION_FORMAT = dwarf;
				ENABLE_STRICT_OBJC_MSGSEND = YES;
				ENABLE_TESTABILITY = YES;
				GCC_C_LANGUAGE_STANDARD = gnu99;
				GCC_DYNAMIC_NO_PIC = NO;
				GCC_NO_COMMON_BLOCKS = YES;
				GCC_OPTIMIZATION_LEVEL = 0;
				GCC_PREPROCESSOR_DEFINITIONS = (
					"DEBUG=1",
					"$(inherited)",
				);
				GCC_WARN_64_TO_32_BIT_CONVERSION = YES;
				GCC_WARN_ABOUT_RETURN_TYPE = YES_ERROR;
				GCC_WARN_UNDECLARED_SELECTOR = YES;
				GCC_WARN_UNINITIALIZED_AUTOS = YES_AGGRESSIVE;
				GCC_WARN_UNUSED_FUNCTION = YES;
				GCC_WARN_UNUSED_VARIABLE = YES;
				IPHONEOS_DEPLOYMENT_TARGET = 9.3;
				MTL_ENABLE_DEBUG_INFO = YES;
				ONLY_ACTIVE_ARCH = YES;
				SDKROOT = iphoneos;
				SWIFT_OPTIMIZATION_LEVEL = "-Onone";
				TARGETED_DEVICE_FAMILY = "1,2";
			};
			name = Debug;
		};
		AA1DFC0E1CEB1B490070A778 /* Release */ = {
			isa = XCBuildConfiguration;
			buildSettings = {
				ALWAYS_SEARCH_USER_PATHS = NO;
				CLANG_ANALYZER_NONNULL = YES;
				CLANG_CXX_LANGUAGE_STANDARD = "gnu++0x";
				CLANG_CXX_LIBRARY = "libc++";
				CLANG_ENABLE_MODULES = YES;
				CLANG_ENABLE_OBJC_ARC = YES;
				CLANG_WARN_BOOL_CONVERSION = YES;
				CLANG_WARN_CONSTANT_CONVERSION = YES;
				CLANG_WARN_DIRECT_OBJC_ISA_USAGE = YES_ERROR;
				CLANG_WARN_EMPTY_BODY = YES;
				CLANG_WARN_ENUM_CONVERSION = YES;
				CLANG_WARN_INT_CONVERSION = YES;
				CLANG_WARN_OBJC_ROOT_CLASS = YES_ERROR;
				CLANG_WARN_UNREACHABLE_CODE = YES;
				CLANG_WARN__DUPLICATE_METHOD_MATCH = YES;
				"CODE_SIGN_IDENTITY[sdk=iphoneos*]" = "iPhone Developer";
				COPY_PHASE_STRIP = NO;
				DEBUG_INFORMATION_FORMAT = "dwarf-with-dsym";
				ENABLE_NS_ASSERTIONS = NO;
				ENABLE_STRICT_OBJC_MSGSEND = YES;
				GCC_C_LANGUAGE_STANDARD = gnu99;
				GCC_NO_COMMON_BLOCKS = YES;
				GCC_WARN_64_TO_32_BIT_CONVERSION = YES;
				GCC_WARN_ABOUT_RETURN_TYPE = YES_ERROR;
				GCC_WARN_UNDECLARED_SELECTOR = YES;
				GCC_WARN_UNINITIALIZED_AUTOS = YES_AGGRESSIVE;
				GCC_WARN_UNUSED_FUNCTION = YES;
				GCC_WARN_UNUSED_VARIABLE = YES;
				IPHONEOS_DEPLOYMENT_TARGET = 9.3;
				MTL_ENABLE_DEBUG_INFO = NO;
				SDKROOT = iphoneos;
				TARGETED_DEVICE_FAMILY = "1,2";
				VALIDATE_PRODUCT = YES;
			};
			name = Release;
		};
		AA1DFC101CEB1B490070A778 /* Debug */ = {
			isa = XCBuildConfiguration;
			buildSettings = {
				ASSETCATALOG_COMPILER_APPICON_NAME = AppIcon;
				INFOPLIST_FILE = CIndicator/Info.plist;
				LD_RUNPATH_SEARCH_PATHS = "$(inherited) @executable_path/Frameworks";
				PRODUCT_BUNDLE_IDENTIFIER = com.AUK.Good.CIndicator;
				PRODUCT_NAME = "$(TARGET_NAME)";
			};
			name = Debug;
		};
		AA1DFC111CEB1B490070A778 /* Release */ = {
			isa = XCBuildConfiguration;
			buildSettings = {
				ASSETCATALOG_COMPILER_APPICON_NAME = AppIcon;
				INFOPLIST_FILE = CIndicator/Info.plist;
				LD_RUNPATH_SEARCH_PATHS = "$(inherited) @executable_path/Frameworks";
				PRODUCT_BUNDLE_IDENTIFIER = com.AUK.Good.CIndicator;
				PRODUCT_NAME = "$(TARGET_NAME)";
			};
			name = Release;
		};
		AA1DFC131CEB1B490070A778 /* Debug */ = {
			isa = XCBuildConfiguration;
			buildSettings = {
				BUNDLE_LOADER = "$(TEST_HOST)";
				INFOPLIST_FILE = CIndicatorTests/Info.plist;
				LD_RUNPATH_SEARCH_PATHS = "$(inherited) @executable_path/Frameworks @loader_path/Frameworks";
				PRODUCT_BUNDLE_IDENTIFIER = com.AUK.Good.CIndicatorTests;
				PRODUCT_NAME = "$(TARGET_NAME)";
				TEST_HOST = "$(BUILT_PRODUCTS_DIR)/CIndicator.app/CIndicator";
			};
			name = Debug;
		};
		AA1DFC141CEB1B490070A778 /* Release */ = {
			isa = XCBuildConfiguration;
			buildSettings = {
				BUNDLE_LOADER = "$(TEST_HOST)";
				INFOPLIST_FILE = CIndicatorTests/Info.plist;
				LD_RUNPATH_SEARCH_PATHS = "$(inherited) @executable_path/Frameworks @loader_path/Frameworks";
				PRODUCT_BUNDLE_IDENTIFIER = com.AUK.Good.CIndicatorTests;
				PRODUCT_NAME = "$(TARGET_NAME)";
				TEST_HOST = "$(BUILT_PRODUCTS_DIR)/CIndicator.app/CIndicator";
			};
			name = Release;
		};
		AA1DFC161CEB1B490070A778 /* Debug */ = {
			isa = XCBuildConfiguration;
			buildSettings = {
				INFOPLIST_FILE = CIndicatorUITests/Info.plist;
				LD_RUNPATH_SEARCH_PATHS = "$(inherited) @executable_path/Frameworks @loader_path/Frameworks";
				PRODUCT_BUNDLE_IDENTIFIER = com.AUK.Good.CIndicatorUITests;
				PRODUCT_NAME = "$(TARGET_NAME)";
				TEST_TARGET_NAME = CIndicator;
			};
			name = Debug;
		};
		AA1DFC171CEB1B490070A778 /* Release */ = {
			isa = XCBuildConfiguration;
			buildSettings = {
				INFOPLIST_FILE = CIndicatorUITests/Info.plist;
				LD_RUNPATH_SEARCH_PATHS = "$(inherited) @executable_path/Frameworks @loader_path/Frameworks";
				PRODUCT_BUNDLE_IDENTIFIER = com.AUK.Good.CIndicatorUITests;
				PRODUCT_NAME = "$(TARGET_NAME)";
				TEST_TARGET_NAME = CIndicator;
			};
			name = Release;
		};
/* End XCBuildConfiguration section */

/* Begin XCConfigurationList section */
		AA1DFBDF1CEB1B460070A778 /* Build configuration list for PBXProject "CIndicator" */ = {
			isa = XCConfigurationList;
			buildConfigurations = (
				AA1DFC0D1CEB1B490070A778 /* Debug */,
				AA1DFC0E1CEB1B490070A778 /* Release */,
			);
			defaultConfigurationIsVisible = 0;
			defaultConfigurationName = Release;
		};
		AA1DFC0F1CEB1B490070A778 /* Build configuration list for PBXNativeTarget "CIndicator" */ = {
			isa = XCConfigurationList;
			buildConfigurations = (
				AA1DFC101CEB1B490070A778 /* Debug */,
				AA1DFC111CEB1B490070A778 /* Release */,
			);
			defaultConfigurationIsVisible = 0;
		};
		AA1DFC121CEB1B490070A778 /* Build configuration list for PBXNativeTarget "CIndicatorTests" */ = {
			isa = XCConfigurationList;
			buildConfigurations = (
				AA1DFC131CEB1B490070A778 /* Debug */,
				AA1DFC141CEB1B490070A778 /* Release */,
			);
			defaultConfigurationIsVisible = 0;
		};
		AA1DFC151CEB1B490070A778 /* Build configuration list for PBXNativeTarget "CIndicatorUITests" */ = {
			isa = XCConfigurationList;
			buildConfigurations = (
				AA1DFC161CEB1B490070A778 /* Debug */,
				AA1DFC171CEB1B490070A778 /* Release */,
			);
			defaultConfigurationIsVisible = 0;
		};
/* End XCConfigurationList section */

/* Begin XCVersionGroup section */
		AA1DFBEE1CEB1B490070A778 /* CIndicator.xcdatamodeld */ = {
			isa = XCVersionGroup;
			children = (
				AA1DFBEF1CEB1B490070A778 /* CIndicator.xcdatamodel */,
			);
			currentVersion = AA1DFBEF1CEB1B490070A778 /* CIndicator.xcdatamodel */;
			path = CIndicator.xcdatamodeld;
			sourceTree = "<group>";
			versionGroupType = wrapper.xcdatamodel;
		};
/* End XCVersionGroup section */
	};
	rootObject = AA1DFBDC1CEB1B460070A778 /* Project object */;
}
